
Microsoft Visual Studio Solution File, Format Version 12.00
# Visual Studio 15
VisualStudioVersion = 15.0.26124.0
MinimumVisualStudioVersion = 15.0.26124.0
Project("{FAE04EC0-301F-11D3-BF4B-00C04F79EFBC}") = "Application", "Application\Application.csproj", "{503C83E0-B86C-485D-A911-B7EF7E9BF385}"
EndProject
Project("{FAE04EC0-301F-11D3-BF4B-00C04F79EFBC}") = "API", "API\API.csproj", "{BF672B86-296B-44A9-A169-D3E29FB4A48F}"
EndProject
Project("{FAE04EC0-301F-11D3-BF4B-00C04F79EFBC}") = "Domain", "Domain\Domain.csproj", "{B2B8E9DF-DF44-40B4-B7C3-F598AAEC4860}"
EndProject
Project("{FAE04EC0-301F-11D3-BF4B-00C04F79EFBC}") = "Persistence", "Persistence\Persistence.csproj", "{22457F80-B8FE-48DB-AE83-1A9BC21F243F}"
EndProject
Global
	GlobalSection(SolutionConfigurationPlatforms) = preSolution
		Debug|Any CPU = Debug|Any CPU
		Debug|x64 = Debug|x64
		Debug|x86 = Debug|x86
		Release|Any CPU = Release|Any CPU
		Release|x64 = Release|x64
		Release|x86 = Release|x86
	EndGlobalSection
	GlobalSection(SolutionProperties) = preSolution
		HideSolutionNode = FALSE
	EndGlobalSection
	GlobalSection(ProjectConfigurationPlatforms) = postSolution
		{503C83E0-B86C-485D-A911-B7EF7E9BF385}.Debug|Any CPU.ActiveCfg = Debug|Any CPU
		{503C83E0-B86C-485D-A911-B7EF7E9BF385}.Debug|Any CPU.Build.0 = Debug|Any CPU
		{503C83E0-B86C-485D-A911-B7EF7E9BF385}.Debug|x64.ActiveCfg = Debug|Any CPU
		{503C83E0-B86C-485D-A911-B7EF7E9BF385}.Debug|x64.Build.0 = Debug|Any CPU
		{503C83E0-B86C-485D-A911-B7EF7E9BF385}.Debug|x86.ActiveCfg = Debug|Any CPU
		{503C83E0-B86C-485D-A911-B7EF7E9BF385}.Debug|x86.Build.0 = Debug|Any CPU
		{503C83E0-B86C-485D-A911-B7EF7E9BF385}.Release|Any CPU.ActiveCfg = Release|Any CPU
		{503C83E0-B86C-485D-A911-B7EF7E9BF385}.Release|Any CPU.Build.0 = Release|Any CPU
		{503C83E0-B86C-485D-A911-B7EF7E9BF385}.Release|x64.ActiveCfg = Release|Any CPU
		{503C83E0-B86C-485D-A911-B7EF7E9BF385}.Release|x64.Build.0 = Release|Any CPU
		{503C83E0-B86C-485D-A911-B7EF7E9BF385}.Release|x86.ActiveCfg = Release|Any CPU
		{503C83E0-B86C-485D-A911-B7EF7E9BF385}.Release|x86.Build.0 = Release|Any CPU
		{BF672B86-296B-44A9-A169-D3E29FB4A48F}.Debug|Any CPU.ActiveCfg = Debug|Any CPU
		{BF672B86-296B-44A9-A169-D3E29FB4A48F}.Debug|Any CPU.Build.0 = Debug|Any CPU
		{BF672B86-296B-44A9-A169-D3E29FB4A48F}.Debug|x64.ActiveCfg = Debug|Any CPU
		{BF672B86-296B-44A9-A169-D3E29FB4A48F}.Debug|x64.Build.0 = Debug|Any CPU
		{BF672B86-296B-44A9-A169-D3E29FB4A48F}.Debug|x86.ActiveCfg = Debug|Any CPU
		{BF672B86-296B-44A9-A169-D3E29FB4A48F}.Debug|x86.Build.0 = Debug|Any CPU
		{BF672B86-296B-44A9-A169-D3E29FB4A48F}.Release|Any CPU.ActiveCfg = Release|Any CPU
		{BF672B86-296B-44A9-A169-D3E29FB4A48F}.Release|Any CPU.Build.0 = Release|Any CPU
		{BF672B86-296B-44A9-A169-D3E29FB4A48F}.Release|x64.ActiveCfg = Release|Any CPU
		{BF672B86-296B-44A9-A169-D3E29FB4A48F}.Release|x64.Build.0 = Release|Any CPU
		{BF672B86-296B-44A9-A169-D3E29FB4A48F}.Release|x86.ActiveCfg = Release|Any CPU
		{BF672B86-296B-44A9-A169-D3E29FB4A48F}.Release|x86.Build.0 = Release|Any CPU
		{B2B8E9DF-DF44-40B4-B7C3-F598AAEC4860}.Debug|Any CPU.ActiveCfg = Debug|Any CPU
		{B2B8E9DF-DF44-40B4-B7C3-F598AAEC4860}.Debug|Any CPU.Build.0 = Debug|Any CPU
		{B2B8E9DF-DF44-40B4-B7C3-F598AAEC4860}.Debug|x64.ActiveCfg = Debug|Any CPU
		{B2B8E9DF-DF44-40B4-B7C3-F598AAEC4860}.Debug|x64.Build.0 = Debug|Any CPU
		{B2B8E9DF-DF44-40B4-B7C3-F598AAEC4860}.Debug|x86.ActiveCfg = Debug|Any CPU
		{B2B8E9DF-DF44-40B4-B7C3-F598AAEC4860}.Debug|x86.Build.0 = Debug|Any CPU
		{B2B8E9DF-DF44-40B4-B7C3-F598AAEC4860}.Release|Any CPU.ActiveCfg = Release|Any CPU
		{B2B8E9DF-DF44-40B4-B7C3-F598AAEC4860}.Release|Any CPU.Build.0 = Release|Any CPU
		{B2B8E9DF-DF44-40B4-B7C3-F598AAEC4860}.Release|x64.ActiveCfg = Release|Any CPU
		{B2B8E9DF-DF44-40B4-B7C3-F598AAEC4860}.Release|x64.Build.0 = Release|Any CPU
		{B2B8E9DF-DF44-40B4-B7C3-F598AAEC4860}.Release|x86.ActiveCfg = Release|Any CPU
		{B2B8E9DF-DF44-40B4-B7C3-F598AAEC4860}.Release|x86.Build.0 = Release|Any CPU
		{22457F80-B8FE-48DB-AE83-1A9BC21F243F}.Debug|Any CPU.ActiveCfg = Debug|Any CPU
		{22457F80-B8FE-48DB-AE83-1A9BC21F243F}.Debug|Any CPU.Build.0 = Debug|Any CPU
		{22457F80-B8FE-48DB-AE83-1A9BC21F243F}.Debug|x64.ActiveCfg = Debug|Any CPU
		{22457F80-B8FE-48DB-AE83-1A9BC21F243F}.Debug|x64.Build.0 = Debug|Any CPU
		{22457F80-B8FE-48DB-AE83-1A9BC21F243F}.Debug|x86.ActiveCfg = Debug|Any CPU
		{22457F80-B8FE-48DB-AE83-1A9BC21F243F}.Debug|x86.Build.0 = Debug|Any CPU
		{22457F80-B8FE-48DB-AE83-1A9BC21F243F}.Release|Any CPU.ActiveCfg = Release|Any CPU
		{22457F80-B8FE-48DB-AE83-1A9BC21F243F}.Release|Any CPU.Build.0 = Release|Any CPU
		{22457F80-B8FE-48DB-AE83-1A9BC21F243F}.Release|x64.ActiveCfg = Release|Any CPU
		{22457F80-B8FE-48DB-AE83-1A9BC21F243F}.Release|x64.Build.0 = Release|Any CPU
		{22457F80-B8FE-48DB-AE83-1A9BC21F243F}.Release|x86.ActiveCfg = Release|Any CPU
		{22457F80-B8FE-48DB-AE83-1A9BC21F243F}.Release|x86.Build.0 = Release|Any CPU
	EndGlobalSection
EndGlobal
